# This file is automatically @generated by Cargo.
# It is not intended for manual editing.
version = 4

[[package]]
name = "rusty_rtos_core"
version = "0.2.2"
source = "registry+https://github.com/rust-lang/crates.io-index"
checksum = "7a4130315ba1123e6e1cd8bb5c00674a0a71b210b7bd36918b904a489588c4e4"

[[package]]
name = "rusty_rtos_kernel"
version = "0.3.0"
dependencies = [
 "rusty_rtos_kernel-core",
]

[[package]]
name = "rusty_rtos_kernel-core"
version = "0.3.0"
dependencies = [
 "rusty_rtos_core",
]
