# This file is automatically @generated by Cargo.
# It is not intended for manual editing.
version = 4

[[package]]
name = "rusty_rtos_core"
version = "0.2.4"
source = "registry+https://github.com/rust-lang/crates.io-index"
checksum = "1bcc41d5f296c5bb2e2d83dfc4bda02447b0bae40320c57cafc4000ba03b6caa"

[[package]]
name = "rusty_rtos_kernel"
version = "0.3.2"
dependencies = [
 "rusty_rtos_kernel-core",
]

[[package]]
name = "rusty_rtos_kernel-core"
version = "0.3.2"
dependencies = [
 "rusty_rtos_core",
]
